# THIS IS AN AUTOGENERATED FILE. DO NOT EDIT THIS FILE DIRECTLY.
# yarn lockfile v1


acorn@^5.1.1:
  version "5.3.0"
  resolved "https://registry.yarnpkg.com/acorn/-/acorn-5.3.0.tgz#7446d39459c54fb49a80e6ee6478149b940ec822"

async@~2.6.0:
  version "2.6.0"
  resolved "https://registry.yarnpkg.com/async/-/async-2.6.0.tgz#61a29abb6fcc026fea77e56d1c6ec53a795951f4"
  dependencies:
    lodash "^4.14.0"

brain.js@~1.0.3:
  version "1.0.3"
  resolved "https://registry.yarnpkg.com/brain.js/-/brain.js-1.0.3.tgz#0a4c32b6d4ed46712909e5669183e6a76902bef6"
  dependencies:
    gpu.js "^1.0.0"

btop@^1.0.0:
  version "1.0.1"
  resolved "https://registry.yarnpkg.com/btop/-/btop-1.0.1.tgz#5005944bcde3d03e54087613b8726401c37c6ce1"

buffer-to-typed-array@^2.0.0:
  version "2.0.0"
  resolved "https://registry.yarnpkg.com/buffer-to-typed-array/-/buffer-to-typed-array-2.0.0.tgz#12a951baba86ca0450ad37b588cee2b05a7fceac"
  dependencies:
    btop "^1.0.0"
    buffer-to-uint8array "^1.1.0"
    defined "^1.0.0"
    dtype "^2.0.0"

buffer-to-uint8array@^1.1.0:
  version "1.1.0"
  resolved "https://registry.yarnpkg.com/buffer-to-uint8array/-/buffer-to-uint8array-1.1.0.tgz#cf6f41287c022f458da752c391c1a8d535ec5f72"

compute-const-max-int16@^1.0.0:
  version "1.0.1"
  resolved "https://registry.yarnpkg.com/compute-const-max-int16/-/compute-const-max-int16-1.0.1.tgz#06ae06ad9508c838f141040cbe4e4de7361d8810"

compute-const-max-int32@^1.0.0:
  version "1.0.1"
  resolved "https://registry.yarnpkg.com/compute-const-max-int32/-/compute-const-max-int32-1.0.1.tgz#e7b05422cbfd9082869f0617c474e39e00831f3c"

compute-const-max-int8@^1.0.0:
  version "1.0.1"
  resolved "https://registry.yarnpkg.com/compute-const-max-int8/-/compute-const-max-int8-1.0.1.tgz#51c95a400330bdea5038b00d3cf0887995f3a286"

compute-const-max-uint16@^1.0.0:
  version "1.0.1"
  resolved "https://registry.yarnpkg.com/compute-const-max-uint16/-/compute-const-max-uint16-1.0.1.tgz#8c4e4094cfd01c21499f608298303dfaa9b2054d"

compute-const-max-uint32@^1.0.0:
  version "1.0.1"
  resolved "https://registry.yarnpkg.com/compute-const-max-uint32/-/compute-const-max-uint32-1.0.1.tgz#d3a27e77fa08a0f90605f504eb1a4b1cc8d84b58"

compute-const-max-uint8@^1.0.0:
  version "1.0.1"
  resolved "https://registry.yarnpkg.com/compute-const-max-uint8/-/compute-const-max-uint8-1.0.1.tgz#9c3e4f58cc1c2bac19f737419c8509bb96d2015c"

compute-const-min-int16@^1.0.0:
  version "1.0.1"
  resolved "https://registry.yarnpkg.com/compute-const-min-int16/-/compute-const-min-int16-1.0.1.tgz#215bba9c8f5f2cb7bb73023d340d9469ffffce03"

compute-const-min-int32@^1.0.0:
  version "1.0.1"
  resolved "https://registry.yarnpkg.com/compute-const-min-int32/-/compute-const-min-int32-1.0.1.tgz#5b8764ed07cb5a2a221b1515aac171da8cd864b8"

compute-const-min-int8@^1.0.0:
  version "1.0.1"
  resolved "https://registry.yarnpkg.com/compute-const-min-int8/-/compute-const-min-int8-1.0.1.tgz#1346b9fa2c36cf848bee0bf2433b5d308759d17d"

compute-intmax@^1.0.0:
  version "1.0.0"
  resolved "https://registry.yarnpkg.com/compute-intmax/-/compute-intmax-1.0.0.tgz#f527b3d62c130d9487339a3c7da0af2420acae98"
  dependencies:
    compute-const-max-int16 "^1.0.0"
    compute-const-max-int32 "^1.0.0"
    compute-const-max-int8 "^1.0.0"
    compute-const-max-uint16 "^1.0.0"
    compute-const-max-uint32 "^1.0.0"
    compute-const-max-uint8 "^1.0.0"
    validate.io-string-primitive "^1.0.0"

compute-intmin@^1.0.0:
  version "1.0.0"
  resolved "https://registry.yarnpkg.com/compute-intmin/-/compute-intmin-1.0.0.tgz#68d5b8eac897dd3786e4742dae4d23f89141eac1"
  dependencies:
    compute-const-min-int16 "^1.0.0"
    compute-const-min-int32 "^1.0.0"
    compute-const-min-int8 "^1.0.0"
    validate.io-string-primitive "^1.0.0"

defined@^1.0.0:
  version "1.0.0"
  resolved "https://registry.yarnpkg.com/defined/-/defined-1.0.0.tgz#c98d9bcef75674188e110969151199e39b1fa693"

dtype@^2.0.0:
  version "2.0.0"
  resolved "https://registry.yarnpkg.com/dtype/-/dtype-2.0.0.tgz#cd052323ce061444ecd2e8f5748f69a29be28434"

fs-extra@~5.0.0:
  version "5.0.0"
  resolved "https://registry.yarnpkg.com/fs-extra/-/fs-extra-5.0.0.tgz#414d0110cdd06705734d055652c5411260c31abd"
  dependencies:
    graceful-fs "^4.1.2"
    jsonfile "^4.0.0"
    universalify "^0.1.0"

getusermedia@^1.3.2:
  version "1.3.7"
  resolved "https://registry.yarnpkg.com/getusermedia/-/getusermedia-1.3.7.tgz#4725734bab7a603b76b5b2626567273cc6da95a0"
  dependencies:
    webrtc-adapter "^1.0.1"

gpu.js@^1.0.0:
  version "1.0.0"
  resolved "https://registry.yarnpkg.com/gpu.js/-/gpu.js-1.0.0.tgz#97c268dfb37048d49670aa71862382bd2a5c86dd"
  dependencies:
    acorn "^5.1.1"

graceful-fs@^4.1.2, graceful-fs@^4.1.6:
  version "4.1.11"
  resolved "https://registry.yarnpkg.com/graceful-fs/-/graceful-fs-4.1.11.tgz#0e8bdfe4d1ddb8854d64e04ea7c00e2a026e5658"

iota-array@^1.0.0:
  version "1.0.0"
  resolved "https://registry.yarnpkg.com/iota-array/-/iota-array-1.0.0.tgz#81ef57fe5d05814cd58c2483632a99c30a0e8087"

is-buffer@^1.0.2:
  version "1.1.6"
  resolved "https://registry.yarnpkg.com/is-buffer/-/is-buffer-1.1.6.tgz#efaa2ea9daa0d7ab2ea13a97b2b8ad51fefbe8be"

jsonfile@^4.0.0:
  version "4.0.0"
  resolved "https://registry.yarnpkg.com/jsonfile/-/jsonfile-4.0.0.tgz#8771aae0799b64076b76640fca058f9c10e33ecb"
  optionalDependencies:
    graceful-fs "^4.1.6"

lodash@^4.14.0:
  version "4.17.4"
  resolved "https://registry.yarnpkg.com/lodash/-/lodash-4.17.4.tgz#78203a4d1c328ae1d86dca6460e369b57f4055ae"

looper@^3.0.0:
  version "3.0.0"
  resolved "https://registry.yarnpkg.com/looper/-/looper-3.0.0.tgz#2efa54c3b1cbaba9b94aee2e5914b0be57fbb749"

ndarray@^1.0.18:
  version "1.0.18"
  resolved "https://registry.yarnpkg.com/ndarray/-/ndarray-1.0.18.tgz#b60d3a73224ec555d0faa79711e502448fd3f793"
  dependencies:
    iota-array "^1.0.0"
    is-buffer "^1.0.2"

ndsamples@^1.0.0:
  version "1.0.0"
  resolved "https://registry.yarnpkg.com/ndsamples/-/ndsamples-1.0.0.tgz#92d5103db88b0f6e6b49596e7ef10fe2e763525b"
  dependencies:
    ndarray "^1.0.18"

pull-pushable@^2.0.0:
  version "2.1.2"
  resolved "https://registry.yarnpkg.com/pull-pushable/-/pull-pushable-2.1.2.tgz#3fe15b8f7eec89f3972d238bc04890c9405a6dbb"

pull-stream@^3.2.3, pull-stream@~3.6.1:
  version "3.6.1"
  resolved "https://registry.yarnpkg.com/pull-stream/-/pull-stream-3.6.1.tgz#c5c2ae4a51246efeebcc65c0412a3d725a92ce00"

range-fit@^0.1.1:
  version "0.1.1"
  resolved "https://registry.yarnpkg.com/range-fit/-/range-fit-0.1.1.tgz#b54b76eb84d10a1961ae0a19fd7f8a0277fda6d7"

read-audio@~8.1.1:
  version "8.1.1"
  resolved "https://registry.yarnpkg.com/read-audio/-/read-audio-8.1.1.tgz#c6e2c5b7416410ea6693c6df5ea3373f011bb0bc"
  dependencies:
    buffer-to-typed-array "^2.0.0"
    compute-intmax "^1.0.0"
    compute-intmin "^1.0.0"
    defined "^1.0.0"
    dtype "^2.0.0"
    getusermedia "^1.3.2"
    ndsamples "^1.0.0"
    pull-pushable "^2.0.0"
    pull-stream "^3.2.3"
    range-fit "^0.1.1"
    stream-to-pull-stream "^1.6.8"

sdp@^1.0.0:
  version "1.5.4"
  resolved "https://registry.yarnpkg.com/sdp/-/sdp-1.5.4.tgz#8e038f6ddb14bd765ae1f4b5216e12094511e0d0"

stream-to-pull-stream@^1.6.8:
  version "1.7.2"
  resolved "https://registry.yarnpkg.com/stream-to-pull-stream/-/stream-to-pull-stream-1.7.2.tgz#757609ae1cebd33c7432d4afbe31ff78650b9dde"
  dependencies:
    looper "^3.0.0"
    pull-stream "^3.2.3"

universalify@^0.1.0:
  version "0.1.1"
  resolved "https://registry.yarnpkg.com/universalify/-/universalify-0.1.1.tgz#fa71badd4437af4c148841e3b3b165f9e9e590b7"

validate.io-string-primitive@^1.0.0:
  version "1.0.1"
  resolved "https://registry.yarnpkg.com/validate.io-string-primitive/-/validate.io-string-primitive-1.0.1.tgz#b8135b9fb1372bde02fdd53ad1d0ccd6de798fee"

webrtc-adapter@^1.0.1:
  version "1.4.0"
  resolved "https://registry.yarnpkg.com/webrtc-adapter/-/webrtc-adapter-1.4.0.tgz#58289a63d054c65b36fb0ef389ea2f6d0c7f5d98"
  dependencies:
    sdp "^1.0.0"
